	<Project xmlns="http://schemas.microsoft.com/developer/msbuild/2003">
		<PropertyGroup>
			<ProjectGuid>{a8447f3d-4574-435b-8ad2-505591a36248}</ProjectGuid>
			<MainSource>IndySystem110.dpk</MainSource>
			<Configuration Condition=" '$(Configuration)' == '' ">Debug</Configuration>
			<Platform Condition=" '$(Platform)' == '' ">AnyCPU</Platform>
			<DCC_DCCCompiler>DCC32</DCC_DCCCompiler>
			<DCC_DependencyCheckOutputName>C:\Documents and Settings\All Users\Documents\RAD Studio\5.0\Bpl\IndySystem110.bpl</DCC_DependencyCheckOutputName>
			<ProjectVersion>12</ProjectVersion>
			<Config Condition="'$(Config)'==''">Debug</Config>
		</PropertyGroup>
		<PropertyGroup Condition="'$(Config)'=='Base' or '$(Base)'!=''">
			<Base>true</Base>
		</PropertyGroup>
		<PropertyGroup Condition="'$(Config)'=='Release' or '$(Cfg_Release)'!=''">
			<Cfg_Release>true</Cfg_Release>
			<CfgParent>Base</CfgParent>
			<Base>true</Base>
		</PropertyGroup>
		<PropertyGroup Condition="'$(Config)'=='Debug' or '$(Cfg_Debug)'!=''">
			<Cfg_Debug>true</Cfg_Debug>
			<CfgParent>Base</CfgParent>
			<Base>true</Base>
		</PropertyGroup>
		<PropertyGroup Condition="'$(Base)'!=''">
			<GenDll>true</GenDll>
			<DCC_OutputNeverBuildDcps>true</DCC_OutputNeverBuildDcps>
			<DCC_IntegerOverflowCheck>true</DCC_IntegerOverflowCheck>
			<GenPackage>true</GenPackage>
			<DesignOnlyPackage>false</DesignOnlyPackage>
			<DCC_ImageBase>00400000</DCC_ImageBase>
			<DCC_DependencyCheckOutputName>C:\Documents and Settings\All Users.WINDOWS\Documents\RAD Studio\6.0\Bpl\IndySystem110.bpl</DCC_DependencyCheckOutputName>
			<RuntimeOnlyPackage>true</RuntimeOnlyPackage>
			<DCC_Description>Indy 10 System</DCC_Description>
			<DCC_RangeChecking>true</DCC_RangeChecking>
		</PropertyGroup>
		<PropertyGroup Condition="'$(Cfg_Release)'!=''">
			<DCC_IntegerOverflowCheck>True</DCC_IntegerOverflowCheck>
			<Version>7.0</Version>
			<DCC_SymbolReferenceInfo>0</DCC_SymbolReferenceInfo>
			<DCC_DebugInformation>False</DCC_DebugInformation>
			<DCC_LocalDebugSymbols>False</DCC_LocalDebugSymbols>
			<DCC_Define>RELEASE;$(DCC_Define)</DCC_Define>
			<DCC_RangeChecking>True</DCC_RangeChecking>
		</PropertyGroup>
		<PropertyGroup Condition="'$(Cfg_Debug)'!=''">
			<DCC_IntegerOverflowCheck>True</DCC_IntegerOverflowCheck>
			<Version>7.0</Version>
			<DCC_CBuilderOutput>All</DCC_CBuilderOutput>
			<DCC_RangeChecking>True</DCC_RangeChecking>
		</PropertyGroup>
		<ItemGroup>
			<DelphiCompile Include="IndySystem110.dpk">
				<MainSource>MainSource</MainSource>
			</DelphiCompile>
			<DCCReference Include="C:\Program Files\CodeGear\RAD Studio\6.0\source\Win32\rtl\sys\rtl.dcp"/>
			<DCCReference Include="IdAntiFreezeBase.pas"/>
			<DCCReference Include="IdBaseComponent.pas"/>
			<DCCReference Include="IdCTypes.pas"/>
			<DCCReference Include="IdComponent.pas"/>
			<DCCReference Include="IdException.pas"/>
			<DCCReference Include="IdGlobal.pas"/>
			<DCCReference Include="IdResourceStrings.pas"/>
			<DCCReference Include="IdStack.pas"/>
			<DCCReference Include="IdStackBSDBase.pas"/>
			<DCCReference Include="IdStackConsts.pas"/>
			<DCCReference Include="IdStackWindows.pas"/>
			<DCCReference Include="IdStream.pas"/>
			<DCCReference Include="IdStreamVCL.pas"/>
			<DCCReference Include="IdStruct.pas"/>
			<DCCReference Include="IdWinsock2.pas"/>
			<DCCReference Include="IdWship6.pas"/>
			<BuildConfiguration Include="Base">
				<Key>Base</Key>
			</BuildConfiguration>
			<BuildConfiguration Include="Release">
				<Key>Cfg_Release</Key>
				<CfgParent>Base</CfgParent>
			</BuildConfiguration>
			<BuildConfiguration Include="Debug">
				<Key>Cfg_Debug</Key>
				<CfgParent>Base</CfgParent>
			</BuildConfiguration>
		</ItemGroup>
		<Import Project="$(MSBuildBinPath)\Borland.Delphi.Targets" Condition="Exists('$(MSBuildBinPath)\Borland.Delphi.Targets')"/>
		<ProjectExtensions>
			<Borland.Personality>Delphi.Personality</Borland.Personality>
			<Borland.ProjectType>Package</Borland.ProjectType>
			<BorlandProject><BorlandProject>
	<Delphi.Personality>
		<Parameters>
			<Parameters Name="UseLauncher">False</Parameters>
			<Parameters Name="LoadAllSymbols">True</Parameters>
			<Parameters Name="LoadUnspecifiedSymbols">False</Parameters>
		</Parameters>
		<VersionInfo>
			<VersionInfo Name="IncludeVerInfo">True</VersionInfo>
			<VersionInfo Name="AutoIncBuild">False</VersionInfo>
			<VersionInfo Name="MajorVer">1</VersionInfo>
			<VersionInfo Name="MinorVer">0</VersionInfo>
			<VersionInfo Name="Release">0</VersionInfo>
			<VersionInfo Name="Build">0</VersionInfo>
			<VersionInfo Name="Debug">False</VersionInfo>
			<VersionInfo Name="PreRelease">False</VersionInfo>
			<VersionInfo Name="Special">False</VersionInfo>
			<VersionInfo Name="Private">False</VersionInfo>
			<VersionInfo Name="DLL">False</VersionInfo>
			<VersionInfo Name="Locale">1033</VersionInfo>
			<VersionInfo Name="CodePage">1252</VersionInfo>
		</VersionInfo>
		<VersionInfoKeys>
			<VersionInfoKeys Name="CompanyName"></VersionInfoKeys>
			<VersionInfoKeys Name="FileDescription"></VersionInfoKeys>
			<VersionInfoKeys Name="FileVersion">1.0.0.0</VersionInfoKeys>
			<VersionInfoKeys Name="InternalName"></VersionInfoKeys>
			<VersionInfoKeys Name="LegalCopyright"></VersionInfoKeys>
			<VersionInfoKeys Name="LegalTrademarks"></VersionInfoKeys>
			<VersionInfoKeys Name="OriginalFilename"></VersionInfoKeys>
			<VersionInfoKeys Name="ProductName"></VersionInfoKeys>
			<VersionInfoKeys Name="ProductVersion">1.0.0.0</VersionInfoKeys>
			<VersionInfoKeys Name="Comments"></VersionInfoKeys>
		</VersionInfoKeys>
		<Source>
			<Source Name="MainSource">IndySystem110.dpk</Source>
		</Source>
	</Delphi.Personality>
</BorlandProject>
</BorlandProject>
		</ProjectExtensions>
	</Project>
